<Solution>
  <Project Path="ClinicManagement.API/ClinicManagement.API.csproj" />
  <Project Path="ClinicManagement.Application/ClinicManagement.Application.csproj" />
  <Project Path="ClinicManagement.Domain/ClinicManagement.Domain.csproj" />
  <Project Path="ClinicManagement.Infrastructure/ClinicManagement.Infrastructure.csproj" />
</Solution>
